PODS:
  - AFNetworking (4.0.1):
    - AFNetworking/NSURLSession (= 4.0.1)
    - AFNetworking/Reachability (= 4.0.1)
    - AFNetworking/Security (= 4.0.1)
    - AFNetworking/Serialization (= 4.0.1)
    - AFNetworking/UIKit (= 4.0.1)
  - AFNetworking/NSURLSession (4.0.1):
    - AFNetworking/Reachability
    - AFNetworking/Security
    - AFNetworking/Serialization
  - AFNetworking/Reachability (4.0.1)
  - AFNetworking/Security (4.0.1)
  - AFNetworking/Serialization (4.0.1)
  - AFNetworking/UIKit (4.0.1):
    - AFNetworking/NSURLSession
  - HNKGooglePlacesAutocomplete (1.2.0):
    - AFNetworking (~> 4.0.1)
    - HNKGooglePlacesAutocomplete/Models (= 1.2.0)
    - Mantle
  - HNKGooglePlacesAutocomplete/Models (1.2.0):
    - AFNetworking (~> 4.0.1)
    - HNKGooglePlacesAutocomplete/Models/Networking (= 1.2.0)
    - Mantle
  - HNKGooglePlacesAutocomplete/Models/Networking (1.2.0):
    - AFNetworking (~> 4.0.1)
    - Mantle
  - Kiwi (2.4.0)
  - Mantle (2.1.6):
    - Mantle/extobjc (= 2.1.6)
  - Mantle/extobjc (2.1.6)

DEPENDENCIES:
  - HNKGooglePlacesAutocomplete (from `../`)
  - Kiwi (~> 2.3)

SPEC REPOS:
  trunk:
    - AFNetworking
    - Kiwi
    - Mantle

EXTERNAL SOURCES:
  HNKGooglePlacesAutocomplete:
    :path: "../"

SPEC CHECKSUMS:
  AFNetworking: 7864c38297c79aaca1500c33288e429c3451fdce
  HNKGooglePlacesAutocomplete: 7df0ce0bf16c42ed73f5c7b4bc3f593d37e67f5c
  Kiwi: f49c9d54b28917df5928fe44968a39ed198cb8a8
  Mantle: 4c0ed6ce47c96eccc4dc3bb071deb3def0e2c3be

PODFILE CHECKSUM: 15dcc753e45b3c93defd5b2188ed9f496eb23852

COCOAPODS: 1.10.0
